// !$*UTF8*$!
{
	archiveVersion = 1;
	classes = {
	};
	objectVersion = 55;
	objects = {

/* Begin PBXBuildFile section */
		1C1F1C5A270484330065828A /* CirclesApp.swift in Sources */ = {isa = PBXBuildFile; fileRef = 1C1F1C59270484330065828A /* CirclesApp.swift */; };
		1C1F1C5C270484330065828A /* ContentView.swift in Sources */ = {isa = PBXBuildFile; fileRef = 1C1F1C5B270484330065828A /* ContentView.swift */; };
		1C1F1C5E270484330065828A /* Assets.xcassets in Resources */ = {isa = PBXBuildFile; fileRef = 1C1F1C5D270484330065828A /* Assets.xcassets */; };
		1C1F1C61270484330065828A /* Preview Assets.xcassets in Resources */ = {isa = PBXBuildFile; fileRef = 1C1F1C60270484330065828A /* Preview Assets.xcassets */; };
		1C1F1C68270485D00065828A /* CirclesPage.swift in Sources */ = {isa = PBXBuildFile; fileRef = 1C1F1C67270485D00065828A /* CirclesPage.swift */; };
		1C1F1C6A270485D90065828A /* CirclePage.swift in Sources */ = {isa = PBXBuildFile; fileRef = 1C1F1C69270485D90065828A /* CirclePage.swift */; };
		1C1F1C6C270485E90065828A /* WelcomePage.swift in Sources */ = {isa = PBXBuildFile; fileRef = 1C1F1C6B270485E90065828A /* WelcomePage.swift */; };
		1C1F1C6E270485F40065828A /* FeaturesPage.swift in Sources */ = {isa = PBXBuildFile; fileRef = 1C1F1C6D270485F40065828A /* FeaturesPage.swift */; };
		1C1F1C70270494120065828A /* CirclePage+Tab.swift in Sources */ = {isa = PBXBuildFile; fileRef = 1C1F1C6F270494120065828A /* CirclePage+Tab.swift */; };
		1C1F1C72270494630065828A /* CirclePage+Header.swift in Sources */ = {isa = PBXBuildFile; fileRef = 1C1F1C71270494630065828A /* CirclePage+Header.swift */; };
		1C1F1C74270497CE0065828A /* CirclePage+Feed.swift in Sources */ = {isa = PBXBuildFile; fileRef = 1C1F1C73270497CE0065828A /* CirclePage+Feed.swift */; };
		1C1F1C762704980E0065828A /* CirclePage+Story.swift in Sources */ = {isa = PBXBuildFile; fileRef = 1C1F1C752704980E0065828A /* CirclePage+Story.swift */; };
		1C1F1C792704C7FF0065828A /* CirclePage+StoryComment.swift in Sources */ = {isa = PBXBuildFile; fileRef = 1C1F1C782704C7FF0065828A /* CirclePage+StoryComment.swift */; };
		1CECE9882704EDB5001CF94E /* SearchBar.swift in Sources */ = {isa = PBXBuildFile; fileRef = 1CECE9872704EDB5001CF94E /* SearchBar.swift */; };
		1CECE98A2704EE0C001CF94E /* CirclesPage+CircleItem.swift in Sources */ = {isa = PBXBuildFile; fileRef = 1CECE9892704EE0C001CF94E /* CirclesPage+CircleItem.swift */; };
		1CECE98D270596BC001CF94E /* CirclePage+StoryAudio.swift in Sources */ = {isa = PBXBuildFile; fileRef = 1CECE98C270596BC001CF94E /* CirclePage+StoryAudio.swift */; };
		1CECE98F2705972F001CF94E /* CirclePage+StoryText.swift in Sources */ = {isa = PBXBuildFile; fileRef = 1CECE98E2705972F001CF94E /* CirclePage+StoryText.swift */; };
		1CECE99127059783001CF94E /* CirclePage+StoryImage.swift in Sources */ = {isa = PBXBuildFile; fileRef = 1CECE99027059783001CF94E /* CirclePage+StoryImage.swift */; };
		1CECE993270597D5001CF94E /* CirclePage+StoryHeader.swift in Sources */ = {isa = PBXBuildFile; fileRef = 1CECE992270597D5001CF94E /* CirclePage+StoryHeader.swift */; };
		1CECE99527059C3E001CF94E /* CirclePage+StoryVideo.swift in Sources */ = {isa = PBXBuildFile; fileRef = 1CECE99427059C3E001CF94E /* CirclePage+StoryVideo.swift */; };
		1CECE9972705A216001CF94E /* CirclePage+StoryLike.swift in Sources */ = {isa = PBXBuildFile; fileRef = 1CECE9962705A216001CF94E /* CirclePage+StoryLike.swift */; };
		1CECE9992705AB64001CF94E /* FriendsPage.swift in Sources */ = {isa = PBXBuildFile; fileRef = 1CECE9982705AB64001CF94E /* FriendsPage.swift */; };
		1CECE99B2705B558001CF94E /* AccountPage.swift in Sources */ = {isa = PBXBuildFile; fileRef = 1CECE99A2705B558001CF94E /* AccountPage.swift */; };
		1CECE99E2705BDFF001CF94E /* CircleBadge.swift in Sources */ = {isa = PBXBuildFile; fileRef = 1CECE99D2705BDFF001CF94E /* CircleBadge.swift */; };
		1CECE9A02705C6A5001CF94E /* FriendsPage+FriendRow.swift in Sources */ = {isa = PBXBuildFile; fileRef = 1CECE99F2705C6A5001CF94E /* FriendsPage+FriendRow.swift */; };
		1CECE9A52705D22E001CF94E /* AccountPage+Footer.swift in Sources */ = {isa = PBXBuildFile; fileRef = 1CECE9A42705D22E001CF94E /* AccountPage+Footer.swift */; };
		1CECE9A72705D2D1001CF94E /* AccountPage+Header.swift in Sources */ = {isa = PBXBuildFile; fileRef = 1CECE9A62705D2D1001CF94E /* AccountPage+Header.swift */; };
		1CECE9AA2705DF2A001CF94E /* RequestsPage.swift in Sources */ = {isa = PBXBuildFile; fileRef = 1CECE9A92705DF2A001CF94E /* RequestsPage.swift */; };
		1CECE9AC2705DFB0001CF94E /* NavigationBar.swift in Sources */ = {isa = PBXBuildFile; fileRef = 1CECE9AB2705DFB0001CF94E /* NavigationBar.swift */; };
		1CECE9AE270605E9001CF94E /* RequestsPage+ReceivedRow.swift in Sources */ = {isa = PBXBuildFile; fileRef = 1CECE9AD270605E9001CF94E /* RequestsPage+ReceivedRow.swift */; };
		1CECE9B027060876001CF94E /* RequestsPage+SentRow.swift in Sources */ = {isa = PBXBuildFile; fileRef = 1CECE9AF27060876001CF94E /* RequestsPage+SentRow.swift */; };
		1CECE9B227060BBD001CF94E /* RequestsPage+Received.swift in Sources */ = {isa = PBXBuildFile; fileRef = 1CECE9B127060BBC001CF94E /* RequestsPage+Received.swift */; };
		1CECE9B427060BDB001CF94E /* RequestsPage+Sent.swift in Sources */ = {isa = PBXBuildFile; fileRef = 1CECE9B327060BDB001CF94E /* RequestsPage+Sent.swift */; };
		1CECE9B727061101001CF94E /* NotificationsPage.swift in Sources */ = {isa = PBXBuildFile; fileRef = 1CECE9B627061101001CF94E /* NotificationsPage.swift */; };
		1CECE9B927061990001CF94E /* StoryEditPage.swift in Sources */ = {isa = PBXBuildFile; fileRef = 1CECE9B827061990001CF94E /* StoryEditPage.swift */; };
		1CECE9BB2706E00A001CF94E /* StoryEditPage+Header.swift in Sources */ = {isa = PBXBuildFile; fileRef = 1CECE9BA2706E00A001CF94E /* StoryEditPage+Header.swift */; };
		1CECE9BD2706ECD3001CF94E /* CircleCapsule.swift in Sources */ = {isa = PBXBuildFile; fileRef = 1CECE9BC2706ECD3001CF94E /* CircleCapsule.swift */; };
		1CECE9C02706EDDC001CF94E /* Double.swift in Sources */ = {isa = PBXBuildFile; fileRef = 1CECE9BF2706EDDC001CF94E /* Double.swift */; };
		1CECE9C22706EDE4001CF94E /* Int.swift in Sources */ = {isa = PBXBuildFile; fileRef = 1CECE9C12706EDE4001CF94E /* Int.swift */; };
		1CECE9C62706F9F6001CF94E /* StoryEditPage+Footer.swift in Sources */ = {isa = PBXBuildFile; fileRef = 1CECE9C52706F9F6001CF94E /* StoryEditPage+Footer.swift */; };
		1CECE9C827070F60001CF94E /* StoryEditPage+ContentBody.swift in Sources */ = {isa = PBXBuildFile; fileRef = 1CECE9C727070F60001CF94E /* StoryEditPage+ContentBody.swift */; };
		1CECE9CA27071315001CF94E /* StoryEditPage+ContentFooter.swift in Sources */ = {isa = PBXBuildFile; fileRef = 1CECE9C927071315001CF94E /* StoryEditPage+ContentFooter.swift */; };
		1CECE9CC27071A8A001CF94E /* StoryEditPage+TextEditor.swift in Sources */ = {isa = PBXBuildFile; fileRef = 1CECE9CB27071A8A001CF94E /* StoryEditPage+TextEditor.swift */; };
		1CECE9CF27075E57001CF94E /* StoryEditPage+Content.swift in Sources */ = {isa = PBXBuildFile; fileRef = 1CECE9CE27075E57001CF94E /* StoryEditPage+Content.swift */; };
/* End PBXBuildFile section */

/* Begin PBXFileReference section */
		1C1F1C56270484330065828A /* Circles.app */ = {isa = PBXFileReference; explicitFileType = wrapper.application; includeInIndex = 0; path = Circles.app; sourceTree = BUILT_PRODUCTS_DIR; };
		1C1F1C59270484330065828A /* CirclesApp.swift */ = {isa = PBXFileReference; lastKnownFileType = sourcecode.swift; path = CirclesApp.swift; sourceTree = "<group>"; };
		1C1F1C5B270484330065828A /* ContentView.swift */ = {isa = PBXFileReference; lastKnownFileType = sourcecode.swift; path = ContentView.swift; sourceTree = "<group>"; };
		1C1F1C5D270484330065828A /* Assets.xcassets */ = {isa = PBXFileReference; lastKnownFileType = folder.assetcatalog; path = Assets.xcassets; sourceTree = "<group>"; };
		1C1F1C60270484330065828A /* Preview Assets.xcassets */ = {isa = PBXFileReference; lastKnownFileType = folder.assetcatalog; path = "Preview Assets.xcassets"; sourceTree = "<group>"; };
		1C1F1C67270485D00065828A /* CirclesPage.swift */ = {isa = PBXFileReference; lastKnownFileType = sourcecode.swift; path = CirclesPage.swift; sourceTree = "<group>"; };
		1C1F1C69270485D90065828A /* CirclePage.swift */ = {isa = PBXFileReference; lastKnownFileType = sourcecode.swift; path = CirclePage.swift; sourceTree = "<group>"; };
		1C1F1C6B270485E90065828A /* WelcomePage.swift */ = {isa = PBXFileReference; lastKnownFileType = sourcecode.swift; path = WelcomePage.swift; sourceTree = "<group>"; };
		1C1F1C6D270485F40065828A /* FeaturesPage.swift */ = {isa = PBXFileReference; lastKnownFileType = sourcecode.swift; path = FeaturesPage.swift; sourceTree = "<group>"; };
		1C1F1C6F270494120065828A /* CirclePage+Tab.swift */ = {isa = PBXFileReference; lastKnownFileType = sourcecode.swift; path = "CirclePage+Tab.swift"; sourceTree = "<group>"; };
		1C1F1C71270494630065828A /* CirclePage+Header.swift */ = {isa = PBXFileReference; lastKnownFileType = sourcecode.swift; path = "CirclePage+Header.swift"; sourceTree = "<group>"; };
		1C1F1C73270497CE0065828A /* CirclePage+Feed.swift */ = {isa = PBXFileReference; lastKnownFileType = sourcecode.swift; path = "CirclePage+Feed.swift"; sourceTree = "<group>"; };
		1C1F1C752704980E0065828A /* CirclePage+Story.swift */ = {isa = PBXFileReference; lastKnownFileType = sourcecode.swift; path = "CirclePage+Story.swift"; sourceTree = "<group>"; };
		1C1F1C782704C7FF0065828A /* CirclePage+StoryComment.swift */ = {isa = PBXFileReference; lastKnownFileType = sourcecode.swift; path = "CirclePage+StoryComment.swift"; sourceTree = "<group>"; };
		1CECE9872704EDB5001CF94E /* SearchBar.swift */ = {isa = PBXFileReference; lastKnownFileType = sourcecode.swift; path = SearchBar.swift; sourceTree = "<group>"; };
		1CECE9892704EE0C001CF94E /* CirclesPage+CircleItem.swift */ = {isa = PBXFileReference; lastKnownFileType = sourcecode.swift; path = "CirclesPage+CircleItem.swift"; sourceTree = "<group>"; };
		1CECE98C270596BC001CF94E /* CirclePage+StoryAudio.swift */ = {isa = PBXFileReference; lastKnownFileType = sourcecode.swift; path = "CirclePage+StoryAudio.swift"; sourceTree = "<group>"; };
		1CECE98E2705972F001CF94E /* CirclePage+StoryText.swift */ = {isa = PBXFileReference; lastKnownFileType = sourcecode.swift; path = "CirclePage+StoryText.swift"; sourceTree = "<group>"; };
		1CECE99027059783001CF94E /* CirclePage+StoryImage.swift */ = {isa = PBXFileReference; lastKnownFileType = sourcecode.swift; path = "CirclePage+StoryImage.swift"; sourceTree = "<group>"; };
		1CECE992270597D5001CF94E /* CirclePage+StoryHeader.swift */ = {isa = PBXFileReference; lastKnownFileType = sourcecode.swift; path = "CirclePage+StoryHeader.swift"; sourceTree = "<group>"; };
		1CECE99427059C3E001CF94E /* CirclePage+StoryVideo.swift */ = {isa = PBXFileReference; lastKnownFileType = sourcecode.swift; path = "CirclePage+StoryVideo.swift"; sourceTree = "<group>"; };
		1CECE9962705A216001CF94E /* CirclePage+StoryLike.swift */ = {isa = PBXFileReference; lastKnownFileType = sourcecode.swift; path = "CirclePage+StoryLike.swift"; sourceTree = "<group>"; };
		1CECE9982705AB64001CF94E /* FriendsPage.swift */ = {isa = PBXFileReference; lastKnownFileType = sourcecode.swift; path = FriendsPage.swift; sourceTree = "<group>"; };
		1CECE99A2705B558001CF94E /* AccountPage.swift */ = {isa = PBXFileReference; lastKnownFileType = sourcecode.swift; path = AccountPage.swift; sourceTree = "<group>"; };
		1CECE99D2705BDFF001CF94E /* CircleBadge.swift */ = {isa = PBXFileReference; lastKnownFileType = sourcecode.swift; path = CircleBadge.swift; sourceTree = "<group>"; };
		1CECE99F2705C6A5001CF94E /* FriendsPage+FriendRow.swift */ = {isa = PBXFileReference; lastKnownFileType = sourcecode.swift; path = "FriendsPage+FriendRow.swift"; sourceTree = "<group>"; };
		1CECE9A42705D22E001CF94E /* AccountPage+Footer.swift */ = {isa = PBXFileReference; lastKnownFileType = sourcecode.swift; path = "AccountPage+Footer.swift"; sourceTree = "<group>"; };
		1CECE9A62705D2D1001CF94E /* AccountPage+Header.swift */ = {isa = PBXFileReference; lastKnownFileType = sourcecode.swift; path = "AccountPage+Header.swift"; sourceTree = "<group>"; };
		1CECE9A92705DF2A001CF94E /* RequestsPage.swift */ = {isa = PBXFileReference; lastKnownFileType = sourcecode.swift; path = RequestsPage.swift; sourceTree = "<group>"; };
		1CECE9AB2705DFB0001CF94E /* NavigationBar.swift */ = {isa = PBXFileReference; lastKnownFileType = sourcecode.swift; path = NavigationBar.swift; sourceTree = "<group>"; };
		1CECE9AD270605E9001CF94E /* RequestsPage+ReceivedRow.swift */ = {isa = PBXFileReference; lastKnownFileType = sourcecode.swift; path = "RequestsPage+ReceivedRow.swift"; sourceTree = "<group>"; };
		1CECE9AF27060876001CF94E /* RequestsPage+SentRow.swift */ = {isa = PBXFileReference; lastKnownFileType = sourcecode.swift; path = "RequestsPage+SentRow.swift"; sourceTree = "<group>"; };
		1CECE9B127060BBC001CF94E /* RequestsPage+Received.swift */ = {isa = PBXFileReference; lastKnownFileType = sourcecode.swift; path = "RequestsPage+Received.swift"; sourceTree = "<group>"; };
		1CECE9B327060BDB001CF94E /* RequestsPage+Sent.swift */ = {isa = PBXFileReference; lastKnownFileType = sourcecode.swift; path = "RequestsPage+Sent.swift"; sourceTree = "<group>"; };
		1CECE9B627061101001CF94E /* NotificationsPage.swift */ = {isa = PBXFileReference; lastKnownFileType = sourcecode.swift; path = NotificationsPage.swift; sourceTree = "<group>"; };
		1CECE9B827061990001CF94E /* StoryEditPage.swift */ = {isa = PBXFileReference; lastKnownFileType = sourcecode.swift; path = StoryEditPage.swift; sourceTree = "<group>"; };
		1CECE9BA2706E00A001CF94E /* StoryEditPage+Header.swift */ = {isa = PBXFileReference; lastKnownFileType = sourcecode.swift; path = "StoryEditPage+Header.swift"; sourceTree = "<group>"; };
		1CECE9BC2706ECD3001CF94E /* CircleCapsule.swift */ = {isa = PBXFileReference; lastKnownFileType = sourcecode.swift; path = CircleCapsule.swift; sourceTree = "<group>"; };
		1CECE9BF2706EDDC001CF94E /* Double.swift */ = {isa = PBXFileReference; lastKnownFileType = sourcecode.swift; path = Double.swift; sourceTree = "<group>"; };
		1CECE9C12706EDE4001CF94E /* Int.swift */ = {isa = PBXFileReference; lastKnownFileType = sourcecode.swift; path = Int.swift; sourceTree = "<group>"; };
		1CECE9C52706F9F6001CF94E /* StoryEditPage+Footer.swift */ = {isa = PBXFileReference; lastKnownFileType = sourcecode.swift; path = "StoryEditPage+Footer.swift"; sourceTree = "<group>"; };
		1CECE9C727070F60001CF94E /* StoryEditPage+ContentBody.swift */ = {isa = PBXFileReference; lastKnownFileType = sourcecode.swift; path = "StoryEditPage+ContentBody.swift"; sourceTree = "<group>"; };
		1CECE9C927071315001CF94E /* StoryEditPage+ContentFooter.swift */ = {isa = PBXFileReference; lastKnownFileType = sourcecode.swift; path = "StoryEditPage+ContentFooter.swift"; sourceTree = "<group>"; };
		1CECE9CB27071A8A001CF94E /* StoryEditPage+TextEditor.swift */ = {isa = PBXFileReference; lastKnownFileType = sourcecode.swift; path = "StoryEditPage+TextEditor.swift"; sourceTree = "<group>"; };
		1CECE9CE27075E57001CF94E /* StoryEditPage+Content.swift */ = {isa = PBXFileReference; lastKnownFileType = sourcecode.swift; path = "StoryEditPage+Content.swift"; sourceTree = "<group>"; };
/* End PBXFileReference section */

/* Begin PBXFrameworksBuildPhase section */
		1C1F1C53270484330065828A /* Frameworks */ = {
			isa = PBXFrameworksBuildPhase;
			buildActionMask = 2147483647;
			files = (
			);
			runOnlyForDeploymentPostprocessing = 0;
		};
/* End PBXFrameworksBuildPhase section */

/* Begin PBXGroup section */
		1C1F1C4D270484330065828A = {
			isa = PBXGroup;
			children = (
				1C1F1C58270484330065828A /* Circles */,
				1C1F1C57270484330065828A /* Products */,
			);
			sourceTree = "<group>";
		};
		1C1F1C57270484330065828A /* Products */ = {
			isa = PBXGroup;
			children = (
				1C1F1C56270484330065828A /* Circles.app */,
			);
			name = Products;
			sourceTree = "<group>";
		};
		1C1F1C58270484330065828A /* Circles */ = {
			isa = PBXGroup;
			children = (
				1C1F1C59270484330065828A /* CirclesApp.swift */,
				1C1F1C5B270484330065828A /* ContentView.swift */,
				1CECE9BE2706EDD1001CF94E /* Utilities */,
				1CECE99C2705BDF1001CF94E /* Recycable */,
				1CECE98B2705950E001CF94E /* CirclesPage */,
				1C1F1C6B270485E90065828A /* WelcomePage.swift */,
				1C1F1C6D270485F40065828A /* FeaturesPage.swift */,
				1C1F1C772704986A0065828A /* CirclePage */,
				1CECE9B627061101001CF94E /* NotificationsPage.swift */,
				1CECE9CD27075C43001CF94E /* StoryEditPage */,
				1CECE9A12705D1CD001CF94E /* FriendsPage */,
				1CECE9B527060DED001CF94E /* RequestsPage */,
				1CECE9A82705D359001CF94E /* AccountPage */,
				1C1F1C5D270484330065828A /* Assets.xcassets */,
				1C1F1C5F270484330065828A /* Preview Content */,
			);
			path = Circles;
			sourceTree = "<group>";
		};
		1C1F1C5F270484330065828A /* Preview Content */ = {
			isa = PBXGroup;
			children = (
				1C1F1C60270484330065828A /* Preview Assets.xcassets */,
			);
			path = "Preview Content";
			sourceTree = "<group>";
		};
		1C1F1C772704986A0065828A /* CirclePage */ = {
			isa = PBXGroup;
			children = (
				1C1F1C69270485D90065828A /* CirclePage.swift */,
				1C1F1C71270494630065828A /* CirclePage+Header.swift */,
				1C1F1C73270497CE0065828A /* CirclePage+Feed.swift */,
				1C1F1C752704980E0065828A /* CirclePage+Story.swift */,
				1CECE992270597D5001CF94E /* CirclePage+StoryHeader.swift */,
				1CECE99027059783001CF94E /* CirclePage+StoryImage.swift */,
				1CECE98E2705972F001CF94E /* CirclePage+StoryText.swift */,
				1CECE98C270596BC001CF94E /* CirclePage+StoryAudio.swift */,
				1CECE99427059C3E001CF94E /* CirclePage+StoryVideo.swift */,
				1CECE9962705A216001CF94E /* CirclePage+StoryLike.swift */,
				1C1F1C782704C7FF0065828A /* CirclePage+StoryComment.swift */,
				1C1F1C6F270494120065828A /* CirclePage+Tab.swift */,
			);
			path = CirclePage;
			sourceTree = "<group>";
		};
		1CECE98B2705950E001CF94E /* CirclesPage */ = {
			isa = PBXGroup;
			children = (
				1C1F1C67270485D00065828A /* CirclesPage.swift */,
				1CECE9892704EE0C001CF94E /* CirclesPage+CircleItem.swift */,
			);
			path = CirclesPage;
			sourceTree = "<group>";
		};
		1CECE99C2705BDF1001CF94E /* Recycable */ = {
			isa = PBXGroup;
			children = (
				1CECE99D2705BDFF001CF94E /* CircleBadge.swift */,
				1CECE9BC2706ECD3001CF94E /* CircleCapsule.swift */,
				1CECE9872704EDB5001CF94E /* SearchBar.swift */,
				1CECE9AB2705DFB0001CF94E /* NavigationBar.swift */,
			);
			path = Recycable;
			sourceTree = "<group>";
		};
		1CECE9A12705D1CD001CF94E /* FriendsPage */ = {
			isa = PBXGroup;
			children = (
				1CECE9982705AB64001CF94E /* FriendsPage.swift */,
				1CECE99F2705C6A5001CF94E /* FriendsPage+FriendRow.swift */,
			);
			path = FriendsPage;
			sourceTree = "<group>";
		};
		1CECE9A82705D359001CF94E /* AccountPage */ = {
			isa = PBXGroup;
			children = (
				1CECE99A2705B558001CF94E /* AccountPage.swift */,
				1CECE9A62705D2D1001CF94E /* AccountPage+Header.swift */,
				1CECE9A42705D22E001CF94E /* AccountPage+Footer.swift */,
			);
			path = AccountPage;
			sourceTree = "<group>";
		};
		1CECE9B527060DED001CF94E /* RequestsPage */ = {
			isa = PBXGroup;
			children = (
				1CECE9A92705DF2A001CF94E /* RequestsPage.swift */,
				1CECE9B127060BBC001CF94E /* RequestsPage+Received.swift */,
				1CECE9AD270605E9001CF94E /* RequestsPage+ReceivedRow.swift */,
				1CECE9B327060BDB001CF94E /* RequestsPage+Sent.swift */,
				1CECE9AF27060876001CF94E /* RequestsPage+SentRow.swift */,
			);
			path = RequestsPage;
			sourceTree = "<group>";
		};
		1CECE9BE2706EDD1001CF94E /* Utilities */ = {
			isa = PBXGroup;
			children = (
				1CECE9BF2706EDDC001CF94E /* Double.swift */,
				1CECE9C12706EDE4001CF94E /* Int.swift */,
			);
			path = Utilities;
			sourceTree = "<group>";
		};
		1CECE9CD27075C43001CF94E /* StoryEditPage */ = {
			isa = PBXGroup;
			children = (
				1CECE9B827061990001CF94E /* StoryEditPage.swift */,
				1CECE9CE27075E57001CF94E /* StoryEditPage+Content.swift */,
				1CECE9BA2706E00A001CF94E /* StoryEditPage+Header.swift */,
				1CECE9C727070F60001CF94E /* StoryEditPage+ContentBody.swift */,
				1CECE9CB27071A8A001CF94E /* StoryEditPage+TextEditor.swift */,
				1CECE9C927071315001CF94E /* StoryEditPage+ContentFooter.swift */,
				1CECE9C52706F9F6001CF94E /* StoryEditPage+Footer.swift */,
			);
			path = StoryEditPage;
			sourceTree = "<group>";
		};
/* End PBXGroup section */

/* Begin PBXNativeTarget section */
		1C1F1C55270484330065828A /* Circles */ = {
			isa = PBXNativeTarget;
			buildConfigurationList = 1C1F1C64270484330065828A /* Build configuration list for PBXNativeTarget "Circles" */;
			buildPhases = (
				1C1F1C52270484330065828A /* Sources */,
				1C1F1C53270484330065828A /* Frameworks */,
				1C1F1C54270484330065828A /* Resources */,
			);
			buildRules = (
			);
			dependencies = (
			);
			name = Circles;
			productName = Circles;
			productReference = 1C1F1C56270484330065828A /* Circles.app */;
			productType = "com.apple.product-type.application";
		};
/* End PBXNativeTarget section */

/* Begin PBXProject section */
		1C1F1C4E270484330065828A /* Project object */ = {
			isa = PBXProject;
			attributes = {
				BuildIndependentTargetsInParallel = 1;
				LastSwiftUpdateCheck = 1300;
				LastUpgradeCheck = 1300;
				TargetAttributes = {
					1C1F1C55270484330065828A = {
						CreatedOnToolsVersion = 13.0;
					};
				};
			};
			buildConfigurationList = 1C1F1C51270484330065828A /* Build configuration list for PBXProject "Circles" */;
			compatibilityVersion = "Xcode 13.0";
			developmentRegion = en;
			hasScannedForEncodings = 0;
			knownRegions = (
				en,
				Base,
			);
			mainGroup = 1C1F1C4D270484330065828A;
			productRefGroup = 1C1F1C57270484330065828A /* Products */;
			projectDirPath = "";
			projectRoot = "";
			targets = (
				1C1F1C55270484330065828A /* Circles */,
			);
		};
/* End PBXProject section */

/* Begin PBXResourcesBuildPhase section */
		1C1F1C54270484330065828A /* Resources */ = {
			isa = PBXResourcesBuildPhase;
			buildActionMask = 2147483647;
			files = (
				1C1F1C61270484330065828A /* Preview Assets.xcassets in Resources */,
				1C1F1C5E270484330065828A /* Assets.xcassets in Resources */,
			);
			runOnlyForDeploymentPostprocessing = 0;
		};
/* End PBXResourcesBuildPhase section */

/* Begin PBXSourcesBuildPhase section */
		1C1F1C52270484330065828A /* Sources */ = {
			isa = PBXSourcesBuildPhase;
			buildActionMask = 2147483647;
			files = (
				1CECE99527059C3E001CF94E /* CirclePage+StoryVideo.swift in Sources */,
				1CECE9972705A216001CF94E /* CirclePage+StoryLike.swift in Sources */,
				1CECE99B2705B558001CF94E /* AccountPage.swift in Sources */,
				1C1F1C792704C7FF0065828A /* CirclePage+StoryComment.swift in Sources */,
				1C1F1C6C270485E90065828A /* WelcomePage.swift in Sources */,
				1CECE9992705AB64001CF94E /* FriendsPage.swift in Sources */,
				1CECE9A02705C6A5001CF94E /* FriendsPage+FriendRow.swift in Sources */,
				1CECE9BB2706E00A001CF94E /* StoryEditPage+Header.swift in Sources */,
				1CECE98A2704EE0C001CF94E /* CirclesPage+CircleItem.swift in Sources */,
				1CECE993270597D5001CF94E /* CirclePage+StoryHeader.swift in Sources */,
				1CECE9B727061101001CF94E /* NotificationsPage.swift in Sources */,
				1CECE9B427060BDB001CF94E /* RequestsPage+Sent.swift in Sources */,
				1CECE9B227060BBD001CF94E /* RequestsPage+Received.swift in Sources */,
				1CECE9AA2705DF2A001CF94E /* RequestsPage.swift in Sources */,
				1CECE9AC2705DFB0001CF94E /* NavigationBar.swift in Sources */,
				1CECE98D270596BC001CF94E /* CirclePage+StoryAudio.swift in Sources */,
				1CECE99127059783001CF94E /* CirclePage+StoryImage.swift in Sources */,
				1CECE9B927061990001CF94E /* StoryEditPage.swift in Sources */,
				1CECE9882704EDB5001CF94E /* SearchBar.swift in Sources */,
				1CECE9C22706EDE4001CF94E /* Int.swift in Sources */,
				1C1F1C68270485D00065828A /* CirclesPage.swift in Sources */,
				1C1F1C5C270484330065828A /* ContentView.swift in Sources */,
				1C1F1C6E270485F40065828A /* FeaturesPage.swift in Sources */,
				1C1F1C762704980E0065828A /* CirclePage+Story.swift in Sources */,
				1CECE9CF27075E57001CF94E /* StoryEditPage+Content.swift in Sources */,
				1C1F1C74270497CE0065828A /* CirclePage+Feed.swift in Sources */,
				1CECE9A52705D22E001CF94E /* AccountPage+Footer.swift in Sources */,
				1CECE9A72705D2D1001CF94E /* AccountPage+Header.swift in Sources */,
				1CECE98F2705972F001CF94E /* CirclePage+StoryText.swift in Sources */,
				1C1F1C6A270485D90065828A /* CirclePage.swift in Sources */,
				1CECE9B027060876001CF94E /* RequestsPage+SentRow.swift in Sources */,
				1C1F1C72270494630065828A /* CirclePage+Header.swift in Sources */,
				1CECE9CA27071315001CF94E /* StoryEditPage+ContentFooter.swift in Sources */,
				1CECE9BD2706ECD3001CF94E /* CircleCapsule.swift in Sources */,
				1CECE99E2705BDFF001CF94E /* CircleBadge.swift in Sources */,
				1CECE9AE270605E9001CF94E /* RequestsPage+ReceivedRow.swift in Sources */,
				1CECE9C827070F60001CF94E /* StoryEditPage+ContentBody.swift in Sources */,
				1C1F1C70270494120065828A /* CirclePage+Tab.swift in Sources */,
				1CECE9CC27071A8A001CF94E /* StoryEditPage+TextEditor.swift in Sources */,
				1CECE9C62706F9F6001CF94E /* StoryEditPage+Footer.swift in Sources */,
				1CECE9C02706EDDC001CF94E /* Double.swift in Sources */,
				1C1F1C5A270484330065828A /* CirclesApp.swift in Sources */,
			);
			runOnlyForDeploymentPostprocessing = 0;
		};
/* End PBXSourcesBuildPhase section */

/* Begin XCBuildConfiguration section */
		1C1F1C62270484330065828A /* Debug */ = {
			isa = XCBuildConfiguration;
			buildSettings = {
				ALWAYS_SEARCH_USER_PATHS = NO;
				CLANG_ANALYZER_NONNULL = YES;
				CLANG_ANALYZER_NUMBER_OBJECT_CONVERSION = YES_AGGRESSIVE;
				CLANG_CXX_LANGUAGE_STANDARD = "gnu++17";
				CLANG_CXX_LIBRARY = "libc++";
				CLANG_ENABLE_MODULES = YES;
				CLANG_ENABLE_OBJC_ARC = YES;
				CLANG_ENABLE_OBJC_WEAK = YES;
				CLANG_WARN_BLOCK_CAPTURE_AUTORELEASING = YES;
				CLANG_WARN_BOOL_CONVERSION = YES;
				CLANG_WARN_COMMA = YES;
				CLANG_WARN_CONSTANT_CONVERSION = YES;
				CLANG_WARN_DEPRECATED_OBJC_IMPLEMENTATIONS = YES;
				CLANG_WARN_DIRECT_OBJC_ISA_USAGE = YES_ERROR;
				CLANG_WARN_DOCUMENTATION_COMMENTS = YES;
				CLANG_WARN_EMPTY_BODY = YES;
				CLANG_WARN_ENUM_CONVERSION = YES;
				CLANG_WARN_INFINITE_RECURSION = YES;
				CLANG_WARN_INT_CONVERSION = YES;
				CLANG_WARN_NON_LITERAL_NULL_CONVERSION = YES;
				CLANG_WARN_OBJC_IMPLICIT_RETAIN_SELF = YES;
				CLANG_WARN_OBJC_LITERAL_CONVERSION = YES;
				CLANG_WARN_OBJC_ROOT_CLASS = YES_ERROR;
				CLANG_WARN_QUOTED_INCLUDE_IN_FRAMEWORK_HEADER = YES;
				CLANG_WARN_RANGE_LOOP_ANALYSIS = YES;
				CLANG_WARN_STRICT_PROTOTYPES = YES;
				CLANG_WARN_SUSPICIOUS_MOVE = YES;
				CLANG_WARN_UNGUARDED_AVAILABILITY = YES_AGGRESSIVE;
				CLANG_WARN_UNREACHABLE_CODE = YES;
				CLANG_WARN__DUPLICATE_METHOD_MATCH = YES;
				COPY_PHASE_STRIP = NO;
				DEBUG_INFORMATION_FORMAT = dwarf;
				ENABLE_STRICT_OBJC_MSGSEND = YES;
				ENABLE_TESTABILITY = YES;
				GCC_C_LANGUAGE_STANDARD = gnu11;
				GCC_DYNAMIC_NO_PIC = NO;
				GCC_NO_COMMON_BLOCKS = YES;
				GCC_OPTIMIZATION_LEVEL = 0;
				GCC_PREPROCESSOR_DEFINITIONS = (
					"DEBUG=1",
					"$(inherited)",
				);
				GCC_WARN_64_TO_32_BIT_CONVERSION = YES;
				GCC_WARN_ABOUT_RETURN_TYPE = YES_ERROR;
				GCC_WARN_UNDECLARED_SELECTOR = YES;
				GCC_WARN_UNINITIALIZED_AUTOS = YES_AGGRESSIVE;
				GCC_WARN_UNUSED_FUNCTION = YES;
				GCC_WARN_UNUSED_VARIABLE = YES;
				IPHONEOS_DEPLOYMENT_TARGET = 15.0;
				MTL_ENABLE_DEBUG_INFO = INCLUDE_SOURCE;
				MTL_FAST_MATH = YES;
				ONLY_ACTIVE_ARCH = YES;
				SDKROOT = iphoneos;
				SWIFT_ACTIVE_COMPILATION_CONDITIONS = DEBUG;
				SWIFT_OPTIMIZATION_LEVEL = "-Onone";
			};
			name = Debug;
		};
		1C1F1C63270484330065828A /* Release */ = {
			isa = XCBuildConfiguration;
			buildSettings = {
				ALWAYS_SEARCH_USER_PATHS = NO;
				CLANG_ANALYZER_NONNULL = YES;
				CLANG_ANALYZER_NUMBER_OBJECT_CONVERSION = YES_AGGRESSIVE;
				CLANG_CXX_LANGUAGE_STANDARD = "gnu++17";
				CLANG_CXX_LIBRARY = "libc++";
				CLANG_ENABLE_MODULES = YES;
				CLANG_ENABLE_OBJC_ARC = YES;
				CLANG_ENABLE_OBJC_WEAK = YES;
				CLANG_WARN_BLOCK_CAPTURE_AUTORELEASING = YES;
				CLANG_WARN_BOOL_CONVERSION = YES;
				CLANG_WARN_COMMA = YES;
				CLANG_WARN_CONSTANT_CONVERSION = YES;
				CLANG_WARN_DEPRECATED_OBJC_IMPLEMENTATIONS = YES;
				CLANG_WARN_DIRECT_OBJC_ISA_USAGE = YES_ERROR;
				CLANG_WARN_DOCUMENTATION_COMMENTS = YES;
				CLANG_WARN_EMPTY_BODY = YES;
				CLANG_WARN_ENUM_CONVERSION = YES;
				CLANG_WARN_INFINITE_RECURSION = YES;
				CLANG_WARN_INT_CONVERSION = YES;
				CLANG_WARN_NON_LITERAL_NULL_CONVERSION = YES;
				CLANG_WARN_OBJC_IMPLICIT_RETAIN_SELF = YES;
				CLANG_WARN_OBJC_LITERAL_CONVERSION = YES;
				CLANG_WARN_OBJC_ROOT_CLASS = YES_ERROR;
				CLANG_WARN_QUOTED_INCLUDE_IN_FRAMEWORK_HEADER = YES;
				CLANG_WARN_RANGE_LOOP_ANALYSIS = YES;
				CLANG_WARN_STRICT_PROTOTYPES = YES;
				CLANG_WARN_SUSPICIOUS_MOVE = YES;
				CLANG_WARN_UNGUARDED_AVAILABILITY = YES_AGGRESSIVE;
				CLANG_WARN_UNREACHABLE_CODE = YES;
				CLANG_WARN__DUPLICATE_METHOD_MATCH = YES;
				COPY_PHASE_STRIP = NO;
				DEBUG_INFORMATION_FORMAT = "dwarf-with-dsym";
				ENABLE_NS_ASSERTIONS = NO;
				ENABLE_STRICT_OBJC_MSGSEND = YES;
				GCC_C_LANGUAGE_STANDARD = gnu11;
				GCC_NO_COMMON_BLOCKS = YES;
				GCC_WARN_64_TO_32_BIT_CONVERSION = YES;
				GCC_WARN_ABOUT_RETURN_TYPE = YES_ERROR;
				GCC_WARN_UNDECLARED_SELECTOR = YES;
				GCC_WARN_UNINITIALIZED_AUTOS = YES_AGGRESSIVE;
				GCC_WARN_UNUSED_FUNCTION = YES;
				GCC_WARN_UNUSED_VARIABLE = YES;
				IPHONEOS_DEPLOYMENT_TARGET = 15.0;
				MTL_ENABLE_DEBUG_INFO = NO;
				MTL_FAST_MATH = YES;
				SDKROOT = iphoneos;
				SWIFT_COMPILATION_MODE = wholemodule;
				SWIFT_OPTIMIZATION_LEVEL = "-O";
				VALIDATE_PRODUCT = YES;
			};
			name = Release;
		};
		1C1F1C65270484330065828A /* Debug */ = {
			isa = XCBuildConfiguration;
			buildSettings = {
				ASSETCATALOG_COMPILER_APPICON_NAME = AppIcon;
				ASSETCATALOG_COMPILER_GLOBAL_ACCENT_COLOR_NAME = AccentColor;
				CODE_SIGN_STYLE = Automatic;
				CURRENT_PROJECT_VERSION = 1;
				DEVELOPMENT_ASSET_PATHS = "\"Circles/Preview Content\"";
				DEVELOPMENT_TEAM = MEBSQ9RYLY;
				ENABLE_PREVIEWS = YES;
				GENERATE_INFOPLIST_FILE = YES;
				INFOPLIST_KEY_UIApplicationSceneManifest_Generation = YES;
				INFOPLIST_KEY_UIApplicationSupportsIndirectInputEvents = YES;
				INFOPLIST_KEY_UILaunchScreen_Generation = YES;
				INFOPLIST_KEY_UISupportedInterfaceOrientations_iPad = "UIInterfaceOrientationPortrait UIInterfaceOrientationPortraitUpsideDown UIInterfaceOrientationLandscapeLeft UIInterfaceOrientationLandscapeRight";
				INFOPLIST_KEY_UISupportedInterfaceOrientations_iPhone = "UIInterfaceOrientationPortrait UIInterfaceOrientationLandscapeLeft UIInterfaceOrientationLandscapeRight";
				IPHONEOS_DEPLOYMENT_TARGET = 15.0;
				LD_RUNPATH_SEARCH_PATHS = (
					"$(inherited)",
					"@executable_path/Frameworks",
				);
				MARKETING_VERSION = 1.0;
				PRODUCT_BUNDLE_IDENTIFIER = test.Circles;
				PRODUCT_NAME = "$(TARGET_NAME)";
				SWIFT_EMIT_LOC_STRINGS = YES;
				SWIFT_VERSION = 5.0;
				TARGETED_DEVICE_FAMILY = 1;
			};
			name = Debug;
		};
		1C1F1C66270484330065828A /* Release */ = {
			isa = XCBuildConfiguration;
			buildSettings = {
				ASSETCATALOG_COMPILER_APPICON_NAME = AppIcon;
				ASSETCATALOG_COMPILER_GLOBAL_ACCENT_COLOR_NAME = AccentColor;
				CODE_SIGN_STYLE = Automatic;
				CURRENT_PROJECT_VERSION = 1;
				DEVELOPMENT_ASSET_PATHS = "\"Circles/Preview Content\"";
				DEVELOPMENT_TEAM = MEBSQ9RYLY;
				ENABLE_PREVIEWS = YES;
				GENERATE_INFOPLIST_FILE = YES;
				INFOPLIST_KEY_UIApplicationSceneManifest_Generation = YES;
				INFOPLIST_KEY_UIApplicationSupportsIndirectInputEvents = YES;
				INFOPLIST_KEY_UILaunchScreen_Generation = YES;
				INFOPLIST_KEY_UISupportedInterfaceOrientations_iPad = "UIInterfaceOrientationPortrait UIInterfaceOrientationPortraitUpsideDown UIInterfaceOrientationLandscapeLeft UIInterfaceOrientationLandscapeRight";
				INFOPLIST_KEY_UISupportedInterfaceOrientations_iPhone = "UIInterfaceOrientationPortrait UIInterfaceOrientationLandscapeLeft UIInterfaceOrientationLandscapeRight";
				IPHONEOS_DEPLOYMENT_TARGET = 15.0;
				LD_RUNPATH_SEARCH_PATHS = (
					"$(inherited)",
					"@executable_path/Frameworks",
				);
				MARKETING_VERSION = 1.0;
				PRODUCT_BUNDLE_IDENTIFIER = test.Circles;
				PRODUCT_NAME = "$(TARGET_NAME)";
				SWIFT_EMIT_LOC_STRINGS = YES;
				SWIFT_VERSION = 5.0;
				TARGETED_DEVICE_FAMILY = 1;
			};
			name = Release;
		};
/* End XCBuildConfiguration section */

/* Begin XCConfigurationList section */
		1C1F1C51270484330065828A /* Build configuration list for PBXProject "Circles" */ = {
			isa = XCConfigurationList;
			buildConfigurations = (
				1C1F1C62270484330065828A /* Debug */,
				1C1F1C63270484330065828A /* Release */,
			);
			defaultConfigurationIsVisible = 0;
			defaultConfigurationName = Release;
		};
		1C1F1C64270484330065828A /* Build configuration list for PBXNativeTarget "Circles" */ = {
			isa = XCConfigurationList;
			buildConfigurations = (
				1C1F1C65270484330065828A /* Debug */,
				1C1F1C66270484330065828A /* Release */,
			);
			defaultConfigurationIsVisible = 0;
			defaultConfigurationName = Release;
		};
/* End XCConfigurationList section */
	};
	rootObject = 1C1F1C4E270484330065828A /* Project object */;
}
